
Microsoft Visual Studio Solution File, Format Version 12.00
# Visual Studio Version 17
VisualStudioVersion = 17.11.35312.102
MinimumVisualStudioVersion = 10.0.40219.1
Project("{FAE04EC0-301F-11D3-BF4B-00C04F79EFBC}") = "ISTools", "ISTools\ISTools.csproj", "{ED46C028-F83A-4BAC-B846-A7B60556BD91}"
EndProject
Project("{FAE04EC0-301F-11D3-BF4B-00C04F79EFBC}") = "Build", "Build\Build.csproj", "{9E3171FC-01E4-489C-BB9A-75ED20D7A82C}"
EndProject
Global
	GlobalSection(SolutionConfigurationPlatforms) = preSolution
		Build|Any CPU = Build|Any CPU
		Debug|Any CPU = Debug|Any CPU
		Release|Any CPU = Release|Any CPU
	EndGlobalSection
	GlobalSection(ProjectConfigurationPlatforms) = postSolution
		{ED46C028-F83A-4BAC-B846-A7B60556BD91}.Build|Any CPU.ActiveCfg = Build|Any CPU
		{ED46C028-F83A-4BAC-B846-A7B60556BD91}.Build|Any CPU.Build.0 = Build|Any CPU
		{ED46C028-F83A-4BAC-B846-A7B60556BD91}.Debug|Any CPU.ActiveCfg = Debug|Any CPU
		{ED46C028-F83A-4BAC-B846-A7B60556BD91}.Debug|Any CPU.Build.0 = Debug|Any CPU
		{ED46C028-F83A-4BAC-B846-A7B60556BD91}.Release|Any CPU.ActiveCfg = Release|Any CPU
		{ED46C028-F83A-4BAC-B846-A7B60556BD91}.Release|Any CPU.Build.0 = Release|Any CPU
		{9E3171FC-01E4-489C-BB9A-75ED20D7A82C}.Build|Any CPU.ActiveCfg = Build|Any CPU
		{9E3171FC-01E4-489C-BB9A-75ED20D7A82C}.Build|Any CPU.Build.0 = Build|Any CPU
		{9E3171FC-01E4-489C-BB9A-75ED20D7A82C}.Debug|Any CPU.ActiveCfg = Debug|Any CPU
		{9E3171FC-01E4-489C-BB9A-75ED20D7A82C}.Release|Any CPU.ActiveCfg = Release|Any CPU
		{9E3171FC-01E4-489C-BB9A-75ED20D7A82C}.Release|Any CPU.Build.0 = Release|Any CPU
	EndGlobalSection
	GlobalSection(SolutionProperties) = preSolution
		HideSolutionNode = FALSE
	EndGlobalSection
	GlobalSection(ExtensibilityGlobals) = postSolution
		SolutionGuid = {2754CFB7-A269-49D7-906F-D1240BEA28D3}
	EndGlobalSection
EndGlobal
